
Microsoft Visual Studio Solution File, Format Version 12.00
# Visual Studio Version 17
VisualStudioVersion = 17.14.36408.4 d17.14
MinimumVisualStudioVersion = 10.0.40219.1
Project("{FAE04EC0-301F-11D3-BF4B-00C04F79EFBC}") = "MiApi", "MiApi.csproj", "{D678CF80-D3D8-4214-9F34-2E34EC4878DF}"
EndProject
Global
	GlobalSection(SolutionConfigurationPlatforms) = preSolution
		Debug|Any CPU = Debug|Any CPU
		Release|Any CPU = Release|Any CPU
	EndGlobalSection
	GlobalSection(ProjectConfigurationPlatforms) = postSolution
		{D678CF80-D3D8-4214-9F34-2E34EC4878DF}.Debug|Any CPU.ActiveCfg = Debug|Any CPU
		{D678CF80-D3D8-4214-9F34-2E34EC4878DF}.Debug|Any CPU.Build.0 = Debug|Any CPU
		{D678CF80-D3D8-4214-9F34-2E34EC4878DF}.Release|Any CPU.ActiveCfg = Release|Any CPU
		{D678CF80-D3D8-4214-9F34-2E34EC4878DF}.Release|Any CPU.Build.0 = Release|Any CPU
	EndGlobalSection
	GlobalSection(SolutionProperties) = preSolution
		HideSolutionNode = FALSE
	EndGlobalSection
	GlobalSection(ExtensibilityGlobals) = postSolution
		SolutionGuid = {CEEFDB7F-77DA-4780-A094-AD29397551EC}
	EndGlobalSection
EndGlobal
